
Microsoft Visual Studio Solution File, Format Version 12.00
# Visual Studio Version 16
VisualStudioVersion = 16.0.29111.141
MinimumVisualStudioVersion = 10.0.40219.1
Project("{FAE04EC0-301F-11D3-BF4B-00C04F79EFBC}") = "Breadstone.Blazor", "Breadstone.Blazor\Breadstone.Blazor.csproj", "{C41D7862-86AA-4850-92A2-935417F823F5}"
EndProject
Project("{FAE04EC0-301F-11D3-BF4B-00C04F79EFBC}") = "Breadstone.LogicCircuit", "Breadstone.LogicCircuit\Breadstone.LogicCircuit.csproj", "{BE4C1013-A6B7-430E-B1AE-5D217D3FD802}"
EndProject
Global
	GlobalSection(SolutionConfigurationPlatforms) = preSolution
		Debug|Any CPU = Debug|Any CPU
		Release|Any CPU = Release|Any CPU
	EndGlobalSection
	GlobalSection(ProjectConfigurationPlatforms) = postSolution
		{C41D7862-86AA-4850-92A2-935417F823F5}.Debug|Any CPU.ActiveCfg = Debug|Any CPU
		{C41D7862-86AA-4850-92A2-935417F823F5}.Debug|Any CPU.Build.0 = Debug|Any CPU
		{C41D7862-86AA-4850-92A2-935417F823F5}.Release|Any CPU.ActiveCfg = Release|Any CPU
		{C41D7862-86AA-4850-92A2-935417F823F5}.Release|Any CPU.Build.0 = Release|Any CPU
		{BE4C1013-A6B7-430E-B1AE-5D217D3FD802}.Debug|Any CPU.ActiveCfg = Debug|Any CPU
		{BE4C1013-A6B7-430E-B1AE-5D217D3FD802}.Debug|Any CPU.Build.0 = Debug|Any CPU
		{BE4C1013-A6B7-430E-B1AE-5D217D3FD802}.Release|Any CPU.ActiveCfg = Release|Any CPU
		{BE4C1013-A6B7-430E-B1AE-5D217D3FD802}.Release|Any CPU.Build.0 = Release|Any CPU
	EndGlobalSection
	GlobalSection(SolutionProperties) = preSolution
		HideSolutionNode = FALSE
	EndGlobalSection
	GlobalSection(ExtensibilityGlobals) = postSolution
		SolutionGuid = {49E1A871-45B9-4A93-9440-D4E5907527DC}
	EndGlobalSection
EndGlobal
